
Microsoft Visual Studio Solution File, Format Version 12.00
# Visual Studio Version 16
VisualStudioVersion = 16.0.31911.196
MinimumVisualStudioVersion = 10.0.40219.1
Project("{FAE04EC0-301F-11D3-BF4B-00C04F79EFBC}") = "OSK_API", "OSK_API\OSK_API.csproj", "{F686C714-FE74-423C-BACA-233A5475F5A0}"
EndProject
Global
	GlobalSection(SolutionConfigurationPlatforms) = preSolution
		Debug|Any CPU = Debug|Any CPU
		Release|Any CPU = Release|Any CPU
	EndGlobalSection
	GlobalSection(ProjectConfigurationPlatforms) = postSolution
		{F686C714-FE74-423C-BACA-233A5475F5A0}.Debug|Any CPU.ActiveCfg = Debug|Any CPU
		{F686C714-FE74-423C-BACA-233A5475F5A0}.Debug|Any CPU.Build.0 = Debug|Any CPU
		{F686C714-FE74-423C-BACA-233A5475F5A0}.Release|Any CPU.ActiveCfg = Release|Any CPU
		{F686C714-FE74-423C-BACA-233A5475F5A0}.Release|Any CPU.Build.0 = Release|Any CPU
	EndGlobalSection
	GlobalSection(SolutionProperties) = preSolution
		HideSolutionNode = FALSE
	EndGlobalSection
	GlobalSection(ExtensibilityGlobals) = postSolution
		SolutionGuid = {493891D0-7100-4B4C-8A3E-C05CE23BCF10}
	EndGlobalSection
EndGlobal
